
Microsoft Visual Studio Solution File, Format Version 12.00
# Visual Studio Version 17
VisualStudioVersion = 17.4.33213.308
MinimumVisualStudioVersion = 10.0.40219.1
Project("{9A19103F-16F7-4668-BE54-9A1E7A4F7556}") = "UntitledArticles.API.Service", "UntitledArticles.API.Service.csproj", "{AD6C311D-643D-4B72-9D34-6F7396927BF6}"
EndProject
Project("{FAE04EC0-301F-11D3-BF4B-00C04F79EFBC}") = "UntitledSelfArticles.API.Application", "..\UntitledSelfArticles.API.Application\UntitledSelfArticles.API.Application.csproj", "{138AF3A8-D6D9-4FE1-B60C-F47711E8862A}"
EndProject
Project("{FAE04EC0-301F-11D3-BF4B-00C04F79EFBC}") = "UntitledSelfArticles.API.Infrastructure", "..\UntitledSelfArticles.API.Infrastructure\UntitledSelfArticles.API.Infrastructure.csproj", "{1D137A54-7FF0-4C4E-A3BE-A64C22728135}"
EndProject
Project("{FAE04EC0-301F-11D3-BF4B-00C04F79EFBC}") = "UntitledArticles.API.Domain", "..\UntitledArticles.API.Domain\UntitledArticles.API.Domain.csproj", "{22E3D046-C50C-4C23-9CB6-E4D06BEAFF5A}"
EndProject
Global
	GlobalSection(SolutionConfigurationPlatforms) = preSolution
		Debug|Any CPU = Debug|Any CPU
		Release|Any CPU = Release|Any CPU
	EndGlobalSection
	GlobalSection(ProjectConfigurationPlatforms) = postSolution
		{AD6C311D-643D-4B72-9D34-6F7396927BF6}.Debug|Any CPU.ActiveCfg = Debug|Any CPU
		{AD6C311D-643D-4B72-9D34-6F7396927BF6}.Debug|Any CPU.Build.0 = Debug|Any CPU
		{AD6C311D-643D-4B72-9D34-6F7396927BF6}.Release|Any CPU.ActiveCfg = Release|Any CPU
		{AD6C311D-643D-4B72-9D34-6F7396927BF6}.Release|Any CPU.Build.0 = Release|Any CPU
		{138AF3A8-D6D9-4FE1-B60C-F47711E8862A}.Debug|Any CPU.ActiveCfg = Debug|Any CPU
		{138AF3A8-D6D9-4FE1-B60C-F47711E8862A}.Debug|Any CPU.Build.0 = Debug|Any CPU
		{138AF3A8-D6D9-4FE1-B60C-F47711E8862A}.Release|Any CPU.ActiveCfg = Release|Any CPU
		{138AF3A8-D6D9-4FE1-B60C-F47711E8862A}.Release|Any CPU.Build.0 = Release|Any CPU
		{1D137A54-7FF0-4C4E-A3BE-A64C22728135}.Debug|Any CPU.ActiveCfg = Debug|Any CPU
		{1D137A54-7FF0-4C4E-A3BE-A64C22728135}.Debug|Any CPU.Build.0 = Debug|Any CPU
		{1D137A54-7FF0-4C4E-A3BE-A64C22728135}.Release|Any CPU.ActiveCfg = Release|Any CPU
		{1D137A54-7FF0-4C4E-A3BE-A64C22728135}.Release|Any CPU.Build.0 = Release|Any CPU
		{22E3D046-C50C-4C23-9CB6-E4D06BEAFF5A}.Debug|Any CPU.ActiveCfg = Debug|Any CPU
		{22E3D046-C50C-4C23-9CB6-E4D06BEAFF5A}.Debug|Any CPU.Build.0 = Debug|Any CPU
		{22E3D046-C50C-4C23-9CB6-E4D06BEAFF5A}.Release|Any CPU.ActiveCfg = Release|Any CPU
		{22E3D046-C50C-4C23-9CB6-E4D06BEAFF5A}.Release|Any CPU.Build.0 = Release|Any CPU
	EndGlobalSection
	GlobalSection(SolutionProperties) = preSolution
		HideSolutionNode = FALSE
	EndGlobalSection
	GlobalSection(ExtensibilityGlobals) = postSolution
		SolutionGuid = {2DD85DFC-E111-4559-A8E7-86920E9B230D}
	EndGlobalSection
EndGlobal
