
Microsoft Visual Studio Solution File, Format Version 12.00
Project("{FAE04EC0-301F-11D3-BF4B-00C04F79EFBC}") = "Authorization", "Authorization\Authorization.csproj", "{7120CD55-F274-4B89-AFF1-34C5ECBDEB0D}"
EndProject
Project("{FAE04EC0-301F-11D3-BF4B-00C04F79EFBC}") = "Authorization.Infrastructure", "Authorization.Infrastructure\Authorization.Infrastructure.csproj", "{F11CE94D-F0E4-4D39-8F03-95E54A4224D1}"
EndProject
Project("{FAE04EC0-301F-11D3-BF4B-00C04F79EFBC}") = "Authorization.Application", "Authorization.Application\Authorization.Application.csproj", "{BBA95D36-EBCE-4CB0-B2F3-BB2A0B21D3D0}"
EndProject
Global
	GlobalSection(SolutionConfigurationPlatforms) = preSolution
		Debug|Any CPU = Debug|Any CPU
		Release|Any CPU = Release|Any CPU
	EndGlobalSection
	GlobalSection(ProjectConfigurationPlatforms) = postSolution
		{7120CD55-F274-4B89-AFF1-34C5ECBDEB0D}.Debug|Any CPU.ActiveCfg = Debug|Any CPU
		{7120CD55-F274-4B89-AFF1-34C5ECBDEB0D}.Debug|Any CPU.Build.0 = Debug|Any CPU
		{7120CD55-F274-4B89-AFF1-34C5ECBDEB0D}.Release|Any CPU.ActiveCfg = Release|Any CPU
		{7120CD55-F274-4B89-AFF1-34C5ECBDEB0D}.Release|Any CPU.Build.0 = Release|Any CPU
		{F11CE94D-F0E4-4D39-8F03-95E54A4224D1}.Debug|Any CPU.ActiveCfg = Debug|Any CPU
		{F11CE94D-F0E4-4D39-8F03-95E54A4224D1}.Debug|Any CPU.Build.0 = Debug|Any CPU
		{F11CE94D-F0E4-4D39-8F03-95E54A4224D1}.Release|Any CPU.ActiveCfg = Release|Any CPU
		{F11CE94D-F0E4-4D39-8F03-95E54A4224D1}.Release|Any CPU.Build.0 = Release|Any CPU
		{BBA95D36-EBCE-4CB0-B2F3-BB2A0B21D3D0}.Debug|Any CPU.ActiveCfg = Debug|Any CPU
		{BBA95D36-EBCE-4CB0-B2F3-BB2A0B21D3D0}.Debug|Any CPU.Build.0 = Debug|Any CPU
		{BBA95D36-EBCE-4CB0-B2F3-BB2A0B21D3D0}.Release|Any CPU.ActiveCfg = Release|Any CPU
		{BBA95D36-EBCE-4CB0-B2F3-BB2A0B21D3D0}.Release|Any CPU.Build.0 = Release|Any CPU
	EndGlobalSection
EndGlobal
