
Microsoft Visual Studio Solution File, Format Version 12.00
# Visual Studio Version 17
VisualStudioVersion = 17.4.33122.133
MinimumVisualStudioVersion = 10.0.40219.1
Project("{FAE04EC0-301F-11D3-BF4B-00C04F79EFBC}") = "Authentication.Application", "Authentication.Application\Authentication.Application.csproj", "{4A78927B-5AC7-4CE7-949E-9DB629745014}"
EndProject
Project("{FAE04EC0-301F-11D3-BF4B-00C04F79EFBC}") = "Authentication.Infrastructure", "Authentication.Infrastructure\Authentication.Infrastructure.csproj", "{2035A0ED-393C-4B2E-ADA3-6845115ADDAB}"
EndProject
Project("{FAE04EC0-301F-11D3-BF4B-00C04F79EFBC}") = "Authentication.Domain", "Authentication.Domain\Authentication.Domain.csproj", "{9E89877C-75ED-483A-8948-FB717392B13C}"
EndProject
Project("{9A19103F-16F7-4668-BE54-9A1E7A4F7556}") = "Authentication.Service", "Authentication.Service\Authentication.Service.csproj", "{EDC0475B-CF39-4021-89CD-63BB9B8B0E17}"
EndProject
Global
	GlobalSection(SolutionConfigurationPlatforms) = preSolution
		Debug|Any CPU = Debug|Any CPU
		Release|Any CPU = Release|Any CPU
	EndGlobalSection
	GlobalSection(ProjectConfigurationPlatforms) = postSolution
		{4A78927B-5AC7-4CE7-949E-9DB629745014}.Debug|Any CPU.ActiveCfg = Debug|Any CPU
		{4A78927B-5AC7-4CE7-949E-9DB629745014}.Debug|Any CPU.Build.0 = Debug|Any CPU
		{4A78927B-5AC7-4CE7-949E-9DB629745014}.Release|Any CPU.ActiveCfg = Release|Any CPU
		{4A78927B-5AC7-4CE7-949E-9DB629745014}.Release|Any CPU.Build.0 = Release|Any CPU
		{2035A0ED-393C-4B2E-ADA3-6845115ADDAB}.Debug|Any CPU.ActiveCfg = Debug|Any CPU
		{2035A0ED-393C-4B2E-ADA3-6845115ADDAB}.Debug|Any CPU.Build.0 = Debug|Any CPU
		{2035A0ED-393C-4B2E-ADA3-6845115ADDAB}.Release|Any CPU.ActiveCfg = Release|Any CPU
		{2035A0ED-393C-4B2E-ADA3-6845115ADDAB}.Release|Any CPU.Build.0 = Release|Any CPU
		{9E89877C-75ED-483A-8948-FB717392B13C}.Debug|Any CPU.ActiveCfg = Debug|Any CPU
		{9E89877C-75ED-483A-8948-FB717392B13C}.Debug|Any CPU.Build.0 = Debug|Any CPU
		{9E89877C-75ED-483A-8948-FB717392B13C}.Release|Any CPU.ActiveCfg = Release|Any CPU
		{9E89877C-75ED-483A-8948-FB717392B13C}.Release|Any CPU.Build.0 = Release|Any CPU
		{EDC0475B-CF39-4021-89CD-63BB9B8B0E17}.Debug|Any CPU.ActiveCfg = Debug|Any CPU
		{EDC0475B-CF39-4021-89CD-63BB9B8B0E17}.Debug|Any CPU.Build.0 = Debug|Any CPU
		{EDC0475B-CF39-4021-89CD-63BB9B8B0E17}.Release|Any CPU.ActiveCfg = Release|Any CPU
		{EDC0475B-CF39-4021-89CD-63BB9B8B0E17}.Release|Any CPU.Build.0 = Release|Any CPU
	EndGlobalSection
	GlobalSection(SolutionProperties) = preSolution
		HideSolutionNode = FALSE
	EndGlobalSection
	GlobalSection(ExtensibilityGlobals) = postSolution
		SolutionGuid = {A11BE61A-0A21-4F5B-87F5-C59E54681972}
	EndGlobalSection
EndGlobal
